// !$*UTF8*$!
{
	archiveVersion = 1;
	classes = {
	};
	objectVersion = 46;
	objects = {

/* Begin PBXBuildFile section */
		625EEEBC1F499A0400E9905C /* FieldGuard.framework in Frameworks */ = {isa = PBXBuildFile; fileRef = 625EEEB21F499A0400E9905C /* FieldGuard.framework */; };
		625EEEC31F499A0400E9905C /* FieldGuard.h in Headers */ = {isa = PBXBuildFile; fileRef = 625EEEB51F499A0400E9905C /* FieldGuard.h */; settings = {ATTRIBUTES = (Public, ); }; };
		627B84491F61ED9D00817867 /* TextProcessor.swift in Sources */ = {isa = PBXBuildFile; fileRef = 627B84481F61ED9D00817867 /* TextProcessor.swift */; };
		627B844B1F61F38D00817867 /* TextProcessorTests.swift in Sources */ = {isa = PBXBuildFile; fileRef = 627B844A1F61F38D00817867 /* TextProcessorTests.swift */; };
		629DA0B31F6ED313000D553E /* StringFormatterProtocol.swift in Sources */ = {isa = PBXBuildFile; fileRef = 629DA0B21F6ED313000D553E /* StringFormatterProtocol.swift */; };
		629DA0B51F6ED31B000D553E /* StringMaskProtocol.swift in Sources */ = {isa = PBXBuildFile; fileRef = 629DA0B41F6ED31B000D553E /* StringMaskProtocol.swift */; };
		62D029421F5DED73009F564A /* ObserverRegistry.swift in Sources */ = {isa = PBXBuildFile; fileRef = 62D029411F5DED73009F564A /* ObserverRegistry.swift */; };
		62D029441F5DEE6E009F564A /* FieldValidator.swift in Sources */ = {isa = PBXBuildFile; fileRef = 62D029431F5DEE6E009F564A /* FieldValidator.swift */; };
		62D029461F5DEF58009F564A /* Test.swift in Sources */ = {isa = PBXBuildFile; fileRef = 62D029451F5DEF58009F564A /* Test.swift */; };
		62D029481F5DEF91009F564A /* FormValidator.swift in Sources */ = {isa = PBXBuildFile; fileRef = 62D029471F5DEF91009F564A /* FormValidator.swift */; };
		62D0294B1F5E0183009F564A /* UITextFieldHandler.swift in Sources */ = {isa = PBXBuildFile; fileRef = 62D0294A1F5E0183009F564A /* UITextFieldHandler.swift */; };
		62D79B901F53230C001EAC88 /* TextFieldDescriptor.swift in Sources */ = {isa = PBXBuildFile; fileRef = 62D79B8F1F53230C001EAC88 /* TextFieldDescriptor.swift */; };
		62D79B981F532408001EAC88 /* ValidationRule.swift in Sources */ = {isa = PBXBuildFile; fileRef = 62D79B971F532408001EAC88 /* ValidationRule.swift */; };
		62D79B9A1F53241E001EAC88 /* Errors.swift in Sources */ = {isa = PBXBuildFile; fileRef = 62D79B991F53241E001EAC88 /* Errors.swift */; };
		62D79B9E1F5334F0001EAC88 /* ValidationResult.swift in Sources */ = {isa = PBXBuildFile; fileRef = 62D79B9D1F5334F0001EAC88 /* ValidationResult.swift */; };
		62D79BA01F533D67001EAC88 /* RuleMakers.swift in Sources */ = {isa = PBXBuildFile; fileRef = 62D79B9F1F533D67001EAC88 /* RuleMakers.swift */; };
		62D79BA31F5347E3001EAC88 /* StringFormatter.swift in Sources */ = {isa = PBXBuildFile; fileRef = 62D79BA11F5347E3001EAC88 /* StringFormatter.swift */; };
		62D79BA41F5347E3001EAC88 /* StringMask.swift in Sources */ = {isa = PBXBuildFile; fileRef = 62D79BA21F5347E3001EAC88 /* StringMask.swift */; };
		62D79BA61F534A42001EAC88 /* String+Helpers.swift in Sources */ = {isa = PBXBuildFile; fileRef = 62D79BA51F534A42001EAC88 /* String+Helpers.swift */; };
/* End PBXBuildFile section */

/* Begin PBXContainerItemProxy section */
		625EEEBD1F499A0400E9905C /* PBXContainerItemProxy */ = {
			isa = PBXContainerItemProxy;
			containerPortal = 625EEEA91F499A0400E9905C /* Project object */;
			proxyType = 1;
			remoteGlobalIDString = 625EEEB11F499A0400E9905C;
			remoteInfo = FieldGuard;
		};
/* End PBXContainerItemProxy section */

/* Begin PBXFileReference section */
		625EEEB21F499A0400E9905C /* FieldGuard.framework */ = {isa = PBXFileReference; explicitFileType = wrapper.framework; includeInIndex = 0; path = FieldGuard.framework; sourceTree = BUILT_PRODUCTS_DIR; };
		625EEEB51F499A0400E9905C /* FieldGuard.h */ = {isa = PBXFileReference; lastKnownFileType = sourcecode.c.h; path = FieldGuard.h; sourceTree = "<group>"; };
		625EEEB61F499A0400E9905C /* Info.plist */ = {isa = PBXFileReference; lastKnownFileType = text.plist.xml; path = Info.plist; sourceTree = "<group>"; };
		625EEEBB1F499A0400E9905C /* FieldGuardTests.xctest */ = {isa = PBXFileReference; explicitFileType = wrapper.cfbundle; includeInIndex = 0; path = FieldGuardTests.xctest; sourceTree = BUILT_PRODUCTS_DIR; };
		625EEEC21F499A0400E9905C /* Info.plist */ = {isa = PBXFileReference; lastKnownFileType = text.plist.xml; path = Info.plist; sourceTree = "<group>"; };
		627B84481F61ED9D00817867 /* TextProcessor.swift */ = {isa = PBXFileReference; fileEncoding = 4; lastKnownFileType = sourcecode.swift; path = TextProcessor.swift; sourceTree = "<group>"; };
		627B844A1F61F38D00817867 /* TextProcessorTests.swift */ = {isa = PBXFileReference; fileEncoding = 4; lastKnownFileType = sourcecode.swift; path = TextProcessorTests.swift; sourceTree = "<group>"; };
		629DA0B21F6ED313000D553E /* StringFormatterProtocol.swift */ = {isa = PBXFileReference; fileEncoding = 4; lastKnownFileType = sourcecode.swift; path = StringFormatterProtocol.swift; sourceTree = "<group>"; };
		629DA0B41F6ED31B000D553E /* StringMaskProtocol.swift */ = {isa = PBXFileReference; fileEncoding = 4; lastKnownFileType = sourcecode.swift; path = StringMaskProtocol.swift; sourceTree = "<group>"; };
		62D029411F5DED73009F564A /* ObserverRegistry.swift */ = {isa = PBXFileReference; fileEncoding = 4; lastKnownFileType = sourcecode.swift; path = ObserverRegistry.swift; sourceTree = "<group>"; };
		62D029431F5DEE6E009F564A /* FieldValidator.swift */ = {isa = PBXFileReference; fileEncoding = 4; lastKnownFileType = sourcecode.swift; path = FieldValidator.swift; sourceTree = "<group>"; };
		62D029451F5DEF58009F564A /* Test.swift */ = {isa = PBXFileReference; fileEncoding = 4; lastKnownFileType = sourcecode.swift; path = Test.swift; sourceTree = "<group>"; };
		62D029471F5DEF91009F564A /* FormValidator.swift */ = {isa = PBXFileReference; fileEncoding = 4; lastKnownFileType = sourcecode.swift; path = FormValidator.swift; sourceTree = "<group>"; };
		62D0294A1F5E0183009F564A /* UITextFieldHandler.swift */ = {isa = PBXFileReference; fileEncoding = 4; lastKnownFileType = sourcecode.swift; path = UITextFieldHandler.swift; sourceTree = "<group>"; };
		62D79B8F1F53230C001EAC88 /* TextFieldDescriptor.swift */ = {isa = PBXFileReference; fileEncoding = 4; lastKnownFileType = sourcecode.swift; path = TextFieldDescriptor.swift; sourceTree = "<group>"; };
		62D79B971F532408001EAC88 /* ValidationRule.swift */ = {isa = PBXFileReference; fileEncoding = 4; lastKnownFileType = sourcecode.swift; path = ValidationRule.swift; sourceTree = "<group>"; };
		62D79B991F53241E001EAC88 /* Errors.swift */ = {isa = PBXFileReference; fileEncoding = 4; lastKnownFileType = sourcecode.swift; path = Errors.swift; sourceTree = "<group>"; };
		62D79B9D1F5334F0001EAC88 /* ValidationResult.swift */ = {isa = PBXFileReference; fileEncoding = 4; lastKnownFileType = sourcecode.swift; path = ValidationResult.swift; sourceTree = "<group>"; };
		62D79B9F1F533D67001EAC88 /* RuleMakers.swift */ = {isa = PBXFileReference; fileEncoding = 4; lastKnownFileType = sourcecode.swift; path = RuleMakers.swift; sourceTree = "<group>"; };
		62D79BA11F5347E3001EAC88 /* StringFormatter.swift */ = {isa = PBXFileReference; fileEncoding = 4; lastKnownFileType = sourcecode.swift; path = StringFormatter.swift; sourceTree = "<group>"; };
		62D79BA21F5347E3001EAC88 /* StringMask.swift */ = {isa = PBXFileReference; fileEncoding = 4; lastKnownFileType = sourcecode.swift; path = StringMask.swift; sourceTree = "<group>"; };
		62D79BA51F534A42001EAC88 /* String+Helpers.swift */ = {isa = PBXFileReference; fileEncoding = 4; lastKnownFileType = sourcecode.swift; path = "String+Helpers.swift"; sourceTree = "<group>"; };
/* End PBXFileReference section */

/* Begin PBXFrameworksBuildPhase section */
		625EEEAE1F499A0400E9905C /* Frameworks */ = {
			isa = PBXFrameworksBuildPhase;
			buildActionMask = 2147483647;
			files = (
			);
			runOnlyForDeploymentPostprocessing = 0;
		};
		625EEEB81F499A0400E9905C /* Frameworks */ = {
			isa = PBXFrameworksBuildPhase;
			buildActionMask = 2147483647;
			files = (
				625EEEBC1F499A0400E9905C /* FieldGuard.framework in Frameworks */,
			);
			runOnlyForDeploymentPostprocessing = 0;
		};
/* End PBXFrameworksBuildPhase section */

/* Begin PBXGroup section */
		625EEEA81F499A0400E9905C = {
			isa = PBXGroup;
			children = (
				625EEEB41F499A0400E9905C /* FieldGuard */,
				625EEEBF1F499A0400E9905C /* FieldGuardTests */,
				625EEEB31F499A0400E9905C /* Products */,
			);
			sourceTree = "<group>";
		};
		625EEEB31F499A0400E9905C /* Products */ = {
			isa = PBXGroup;
			children = (
				625EEEB21F499A0400E9905C /* FieldGuard.framework */,
				625EEEBB1F499A0400E9905C /* FieldGuardTests.xctest */,
			);
			name = Products;
			sourceTree = "<group>";
		};
		625EEEB41F499A0400E9905C /* FieldGuard */ = {
			isa = PBXGroup;
			children = (
				625EEEB51F499A0400E9905C /* FieldGuard.h */,
				625EEEB61F499A0400E9905C /* Info.plist */,
				62D79B931F5323B1001EAC88 /* Common */,
				62D79B941F5323E2001EAC88 /* Contracts */,
				62D029491F5E0035009F564A /* UI */,
				62D79BA11F5347E3001EAC88 /* StringFormatter.swift */,
				62D79BA21F5347E3001EAC88 /* StringMask.swift */,
				62D79B9F1F533D67001EAC88 /* RuleMakers.swift */,
				62D79B8F1F53230C001EAC88 /* TextFieldDescriptor.swift */,
				62D029431F5DEE6E009F564A /* FieldValidator.swift */,
				62D029471F5DEF91009F564A /* FormValidator.swift */,
				62D029451F5DEF58009F564A /* Test.swift */,
				627B84481F61ED9D00817867 /* TextProcessor.swift */,
			);
			path = FieldGuard;
			sourceTree = "<group>";
		};
		625EEEBF1F499A0400E9905C /* FieldGuardTests */ = {
			isa = PBXGroup;
			children = (
				625EEEC21F499A0400E9905C /* Info.plist */,
				627B844A1F61F38D00817867 /* TextProcessorTests.swift */,
			);
			path = FieldGuardTests;
			sourceTree = "<group>";
		};
		62D029491F5E0035009F564A /* UI */ = {
			isa = PBXGroup;
			children = (
				62D0294A1F5E0183009F564A /* UITextFieldHandler.swift */,
			);
			path = UI;
			sourceTree = "<group>";
		};
		62D79B931F5323B1001EAC88 /* Common */ = {
			isa = PBXGroup;
			children = (
				62D79BA51F534A42001EAC88 /* String+Helpers.swift */,
				62D79B991F53241E001EAC88 /* Errors.swift */,
				62D79B9D1F5334F0001EAC88 /* ValidationResult.swift */,
				62D029411F5DED73009F564A /* ObserverRegistry.swift */,
			);
			path = Common;
			sourceTree = "<group>";
		};
		62D79B941F5323E2001EAC88 /* Contracts */ = {
			isa = PBXGroup;
			children = (
				62D79B971F532408001EAC88 /* ValidationRule.swift */,
				629DA0B21F6ED313000D553E /* StringFormatterProtocol.swift */,
				629DA0B41F6ED31B000D553E /* StringMaskProtocol.swift */,
			);
			path = Contracts;
			sourceTree = "<group>";
		};
/* End PBXGroup section */

/* Begin PBXHeadersBuildPhase section */
		625EEEAF1F499A0400E9905C /* Headers */ = {
			isa = PBXHeadersBuildPhase;
			buildActionMask = 2147483647;
			files = (
				625EEEC31F499A0400E9905C /* FieldGuard.h in Headers */,
			);
			runOnlyForDeploymentPostprocessing = 0;
		};
/* End PBXHeadersBuildPhase section */

/* Begin PBXNativeTarget section */
		625EEEB11F499A0400E9905C /* FieldGuard */ = {
			isa = PBXNativeTarget;
			buildConfigurationList = 625EEEC61F499A0400E9905C /* Build configuration list for PBXNativeTarget "FieldGuard" */;
			buildPhases = (
				625EEEAD1F499A0400E9905C /* Sources */,
				625EEEAE1F499A0400E9905C /* Frameworks */,
				625EEEAF1F499A0400E9905C /* Headers */,
				625EEEB01F499A0400E9905C /* Resources */,
			);
			buildRules = (
			);
			dependencies = (
			);
			name = FieldGuard;
			productName = FieldGuard;
			productReference = 625EEEB21F499A0400E9905C /* FieldGuard.framework */;
			productType = "com.apple.product-type.framework";
		};
		625EEEBA1F499A0400E9905C /* FieldGuardTests */ = {
			isa = PBXNativeTarget;
			buildConfigurationList = 625EEEC91F499A0400E9905C /* Build configuration list for PBXNativeTarget "FieldGuardTests" */;
			buildPhases = (
				625EEEB71F499A0400E9905C /* Sources */,
				625EEEB81F499A0400E9905C /* Frameworks */,
				625EEEB91F499A0400E9905C /* Resources */,
			);
			buildRules = (
			);
			dependencies = (
				625EEEBE1F499A0400E9905C /* PBXTargetDependency */,
			);
			name = FieldGuardTests;
			productName = FieldGuardTests;
			productReference = 625EEEBB1F499A0400E9905C /* FieldGuardTests.xctest */;
			productType = "com.apple.product-type.bundle.unit-test";
		};
/* End PBXNativeTarget section */

/* Begin PBXProject section */
		625EEEA91F499A0400E9905C /* Project object */ = {
			isa = PBXProject;
			attributes = {
				LastSwiftUpdateCheck = 0830;
				LastUpgradeCheck = 0830;
				ORGANIZATIONNAME = GK;
				TargetAttributes = {
					625EEEB11F499A0400E9905C = {
						CreatedOnToolsVersion = 8.3.3;
						DevelopmentTeam = R6D3RTDSCX;
						LastSwiftMigration = 0830;
						ProvisioningStyle = Automatic;
					};
					625EEEBA1F499A0400E9905C = {
						CreatedOnToolsVersion = 8.3.3;
						DevelopmentTeam = R6D3RTDSCX;
						ProvisioningStyle = Automatic;
					};
				};
			};
			buildConfigurationList = 625EEEAC1F499A0400E9905C /* Build configuration list for PBXProject "FieldGuard" */;
			compatibilityVersion = "Xcode 3.2";
			developmentRegion = English;
			hasScannedForEncodings = 0;
			knownRegions = (
				en,
			);
			mainGroup = 625EEEA81F499A0400E9905C;
			productRefGroup = 625EEEB31F499A0400E9905C /* Products */;
			projectDirPath = "";
			projectRoot = "";
			targets = (
				625EEEB11F499A0400E9905C /* FieldGuard */,
				625EEEBA1F499A0400E9905C /* FieldGuardTests */,
			);
		};
/* End PBXProject section */

/* Begin PBXResourcesBuildPhase section */
		625EEEB01F499A0400E9905C /* Resources */ = {
			isa = PBXResourcesBuildPhase;
			buildActionMask = 2147483647;
			files = (
			);
			runOnlyForDeploymentPostprocessing = 0;
		};
		625EEEB91F499A0400E9905C /* Resources */ = {
			isa = PBXResourcesBuildPhase;
			buildActionMask = 2147483647;
			files = (
			);
			runOnlyForDeploymentPostprocessing = 0;
		};
/* End PBXResourcesBuildPhase section */

/* Begin PBXSourcesBuildPhase section */
		625EEEAD1F499A0400E9905C /* Sources */ = {
			isa = PBXSourcesBuildPhase;
			buildActionMask = 2147483647;
			files = (
				62D029481F5DEF91009F564A /* FormValidator.swift in Sources */,
				629DA0B31F6ED313000D553E /* StringFormatterProtocol.swift in Sources */,
				62D029421F5DED73009F564A /* ObserverRegistry.swift in Sources */,
				62D79B901F53230C001EAC88 /* TextFieldDescriptor.swift in Sources */,
				62D79BA31F5347E3001EAC88 /* StringFormatter.swift in Sources */,
				62D79B981F532408001EAC88 /* ValidationRule.swift in Sources */,
				62D79B9A1F53241E001EAC88 /* Errors.swift in Sources */,
				62D029461F5DEF58009F564A /* Test.swift in Sources */,
				629DA0B51F6ED31B000D553E /* StringMaskProtocol.swift in Sources */,
				627B84491F61ED9D00817867 /* TextProcessor.swift in Sources */,
				62D79BA61F534A42001EAC88 /* String+Helpers.swift in Sources */,
				62D79BA01F533D67001EAC88 /* RuleMakers.swift in Sources */,
				62D79BA41F5347E3001EAC88 /* StringMask.swift in Sources */,
				62D029441F5DEE6E009F564A /* FieldValidator.swift in Sources */,
				62D0294B1F5E0183009F564A /* UITextFieldHandler.swift in Sources */,
				62D79B9E1F5334F0001EAC88 /* ValidationResult.swift in Sources */,
			);
			runOnlyForDeploymentPostprocessing = 0;
		};
		625EEEB71F499A0400E9905C /* Sources */ = {
			isa = PBXSourcesBuildPhase;
			buildActionMask = 2147483647;
			files = (
				627B844B1F61F38D00817867 /* TextProcessorTests.swift in Sources */,
			);
			runOnlyForDeploymentPostprocessing = 0;
		};
/* End PBXSourcesBuildPhase section */

/* Begin PBXTargetDependency section */
		625EEEBE1F499A0400E9905C /* PBXTargetDependency */ = {
			isa = PBXTargetDependency;
			target = 625EEEB11F499A0400E9905C /* FieldGuard */;
			targetProxy = 625EEEBD1F499A0400E9905C /* PBXContainerItemProxy */;
		};
/* End PBXTargetDependency section */

/* Begin XCBuildConfiguration section */
		625EEEC41F499A0400E9905C /* Debug */ = {
			isa = XCBuildConfiguration;
			buildSettings = {
				ALWAYS_SEARCH_USER_PATHS = NO;
				CLANG_ANALYZER_NONNULL = YES;
				CLANG_ANALYZER_NUMBER_OBJECT_CONVERSION = YES_AGGRESSIVE;
				CLANG_CXX_LANGUAGE_STANDARD = "gnu++0x";
				CLANG_CXX_LIBRARY = "libc++";
				CLANG_ENABLE_MODULES = YES;
				CLANG_ENABLE_OBJC_ARC = YES;
				CLANG_WARN_BOOL_CONVERSION = YES;
				CLANG_WARN_CONSTANT_CONVERSION = YES;
				CLANG_WARN_DIRECT_OBJC_ISA_USAGE = YES_ERROR;
				CLANG_WARN_DOCUMENTATION_COMMENTS = YES;
				CLANG_WARN_EMPTY_BODY = YES;
				CLANG_WARN_ENUM_CONVERSION = YES;
				CLANG_WARN_INFINITE_RECURSION = YES;
				CLANG_WARN_INT_CONVERSION = YES;
				CLANG_WARN_OBJC_ROOT_CLASS = YES_ERROR;
				CLANG_WARN_SUSPICIOUS_MOVE = YES;
				CLANG_WARN_UNREACHABLE_CODE = YES;
				CLANG_WARN__DUPLICATE_METHOD_MATCH = YES;
				"CODE_SIGN_IDENTITY[sdk=iphoneos*]" = "iPhone Developer";
				COPY_PHASE_STRIP = NO;
				CURRENT_PROJECT_VERSION = 1;
				DEBUG_INFORMATION_FORMAT = dwarf;
				ENABLE_STRICT_OBJC_MSGSEND = YES;
				ENABLE_TESTABILITY = YES;
				GCC_C_LANGUAGE_STANDARD = gnu99;
				GCC_DYNAMIC_NO_PIC = NO;
				GCC_NO_COMMON_BLOCKS = YES;
				GCC_OPTIMIZATION_LEVEL = 0;
				GCC_PREPROCESSOR_DEFINITIONS = (
					"DEBUG=1",
					"$(inherited)",
				);
				GCC_WARN_64_TO_32_BIT_CONVERSION = YES;
				GCC_WARN_ABOUT_RETURN_TYPE = YES_ERROR;
				GCC_WARN_UNDECLARED_SELECTOR = YES;
				GCC_WARN_UNINITIALIZED_AUTOS = YES_AGGRESSIVE;
				GCC_WARN_UNUSED_FUNCTION = YES;
				GCC_WARN_UNUSED_VARIABLE = YES;
				IPHONEOS_DEPLOYMENT_TARGET = 10.3;
				MTL_ENABLE_DEBUG_INFO = YES;
				ONLY_ACTIVE_ARCH = YES;
				SDKROOT = iphoneos;
				SWIFT_ACTIVE_COMPILATION_CONDITIONS = DEBUG;
				SWIFT_OPTIMIZATION_LEVEL = "-Onone";
				TARGETED_DEVICE_FAMILY = "1,2";
				VERSIONING_SYSTEM = "apple-generic";
				VERSION_INFO_PREFIX = "";
			};
			name = Debug;
		};
		625EEEC51F499A0400E9905C /* Release */ = {
			isa = XCBuildConfiguration;
			buildSettings = {
				ALWAYS_SEARCH_USER_PATHS = NO;
				CLANG_ANALYZER_NONNULL = YES;
				CLANG_ANALYZER_NUMBER_OBJECT_CONVERSION = YES_AGGRESSIVE;
				CLANG_CXX_LANGUAGE_STANDARD = "gnu++0x";
				CLANG_CXX_LIBRARY = "libc++";
				CLANG_ENABLE_MODULES = YES;
				CLANG_ENABLE_OBJC_ARC = YES;
				CLANG_WARN_BOOL_CONVERSION = YES;
				CLANG_WARN_CONSTANT_CONVERSION = YES;
				CLANG_WARN_DIRECT_OBJC_ISA_USAGE = YES_ERROR;
				CLANG_WARN_DOCUMENTATION_COMMENTS = YES;
				CLANG_WARN_EMPTY_BODY = YES;
				CLANG_WARN_ENUM_CONVERSION = YES;
				CLANG_WARN_INFINITE_RECURSION = YES;
				CLANG_WARN_INT_CONVERSION = YES;
				CLANG_WARN_OBJC_ROOT_CLASS = YES_ERROR;
				CLANG_WARN_SUSPICIOUS_MOVE = YES;
				CLANG_WARN_UNREACHABLE_CODE = YES;
				CLANG_WARN__DUPLICATE_METHOD_MATCH = YES;
				"CODE_SIGN_IDENTITY[sdk=iphoneos*]" = "iPhone Developer";
				COPY_PHASE_STRIP = NO;
				CURRENT_PROJECT_VERSION = 1;
				DEBUG_INFORMATION_FORMAT = "dwarf-with-dsym";
				ENABLE_NS_ASSERTIONS = NO;
				ENABLE_STRICT_OBJC_MSGSEND = YES;
				GCC_C_LANGUAGE_STANDARD = gnu99;
				GCC_NO_COMMON_BLOCKS = YES;
				GCC_WARN_64_TO_32_BIT_CONVERSION = YES;
				GCC_WARN_ABOUT_RETURN_TYPE = YES_ERROR;
				GCC_WARN_UNDECLARED_SELECTOR = YES;
				GCC_WARN_UNINITIALIZED_AUTOS = YES_AGGRESSIVE;
				GCC_WARN_UNUSED_FUNCTION = YES;
				GCC_WARN_UNUSED_VARIABLE = YES;
				IPHONEOS_DEPLOYMENT_TARGET = 10.3;
				MTL_ENABLE_DEBUG_INFO = NO;
				SDKROOT = iphoneos;
				SWIFT_OPTIMIZATION_LEVEL = "-Owholemodule";
				TARGETED_DEVICE_FAMILY = "1,2";
				VALIDATE_PRODUCT = YES;
				VERSIONING_SYSTEM = "apple-generic";
				VERSION_INFO_PREFIX = "";
			};
			name = Release;
		};
		625EEEC71F499A0400E9905C /* Debug */ = {
			isa = XCBuildConfiguration;
			buildSettings = {
				CLANG_ENABLE_MODULES = YES;
				CODE_SIGN_IDENTITY = "";
				DEFINES_MODULE = YES;
				DEVELOPMENT_TEAM = R6D3RTDSCX;
				DYLIB_COMPATIBILITY_VERSION = 1;
				DYLIB_CURRENT_VERSION = 1;
				DYLIB_INSTALL_NAME_BASE = "@rpath";
				INFOPLIST_FILE = FieldGuard/Info.plist;
				INSTALL_PATH = "$(LOCAL_LIBRARY_DIR)/Frameworks";
				LD_RUNPATH_SEARCH_PATHS = "$(inherited) @executable_path/Frameworks @loader_path/Frameworks";
				PRODUCT_BUNDLE_IDENTIFIER = me.gk.FieldGuard;
				PRODUCT_NAME = "$(TARGET_NAME)";
				SKIP_INSTALL = YES;
				SWIFT_OPTIMIZATION_LEVEL = "-Onone";
				SWIFT_VERSION = 3.0;
			};
			name = Debug;
		};
		625EEEC81F499A0400E9905C /* Release */ = {
			isa = XCBuildConfiguration;
			buildSettings = {
				CLANG_ENABLE_MODULES = YES;
				CODE_SIGN_IDENTITY = "";
				DEFINES_MODULE = YES;
				DEVELOPMENT_TEAM = R6D3RTDSCX;
				DYLIB_COMPATIBILITY_VERSION = 1;
				DYLIB_CURRENT_VERSION = 1;
				DYLIB_INSTALL_NAME_BASE = "@rpath";
				INFOPLIST_FILE = FieldGuard/Info.plist;
				INSTALL_PATH = "$(LOCAL_LIBRARY_DIR)/Frameworks";
				LD_RUNPATH_SEARCH_PATHS = "$(inherited) @executable_path/Frameworks @loader_path/Frameworks";
				PRODUCT_BUNDLE_IDENTIFIER = me.gk.FieldGuard;
				PRODUCT_NAME = "$(TARGET_NAME)";
				SKIP_INSTALL = YES;
				SWIFT_VERSION = 3.0;
			};
			name = Release;
		};
		625EEECA1F499A0400E9905C /* Debug */ = {
			isa = XCBuildConfiguration;
			buildSettings = {
				ALWAYS_EMBED_SWIFT_STANDARD_LIBRARIES = YES;
				DEVELOPMENT_TEAM = R6D3RTDSCX;
				INFOPLIST_FILE = FieldGuardTests/Info.plist;
				LD_RUNPATH_SEARCH_PATHS = "$(inherited) @executable_path/Frameworks @loader_path/Frameworks";
				PRODUCT_BUNDLE_IDENTIFIER = me.gk.FieldGuardTests;
				PRODUCT_NAME = "$(TARGET_NAME)";
				SWIFT_VERSION = 3.0;
			};
			name = Debug;
		};
		625EEECB1F499A0400E9905C /* Release */ = {
			isa = XCBuildConfiguration;
			buildSettings = {
				ALWAYS_EMBED_SWIFT_STANDARD_LIBRARIES = YES;
				DEVELOPMENT_TEAM = R6D3RTDSCX;
				INFOPLIST_FILE = FieldGuardTests/Info.plist;
				LD_RUNPATH_SEARCH_PATHS = "$(inherited) @executable_path/Frameworks @loader_path/Frameworks";
				PRODUCT_BUNDLE_IDENTIFIER = me.gk.FieldGuardTests;
				PRODUCT_NAME = "$(TARGET_NAME)";
				SWIFT_VERSION = 3.0;
			};
			name = Release;
		};
/* End XCBuildConfiguration section */

/* Begin XCConfigurationList section */
		625EEEAC1F499A0400E9905C /* Build configuration list for PBXProject "FieldGuard" */ = {
			isa = XCConfigurationList;
			buildConfigurations = (
				625EEEC41F499A0400E9905C /* Debug */,
				625EEEC51F499A0400E9905C /* Release */,
			);
			defaultConfigurationIsVisible = 0;
			defaultConfigurationName = Release;
		};
		625EEEC61F499A0400E9905C /* Build configuration list for PBXNativeTarget "FieldGuard" */ = {
			isa = XCConfigurationList;
			buildConfigurations = (
				625EEEC71F499A0400E9905C /* Debug */,
				625EEEC81F499A0400E9905C /* Release */,
			);
			defaultConfigurationIsVisible = 0;
			defaultConfigurationName = Release;
		};
		625EEEC91F499A0400E9905C /* Build configuration list for PBXNativeTarget "FieldGuardTests" */ = {
			isa = XCConfigurationList;
			buildConfigurations = (
				625EEECA1F499A0400E9905C /* Debug */,
				625EEECB1F499A0400E9905C /* Release */,
			);
			defaultConfigurationIsVisible = 0;
			defaultConfigurationName = Release;
		};
/* End XCConfigurationList section */
	};
	rootObject = 625EEEA91F499A0400E9905C /* Project object */;
}
